
Microsoft Visual Studio Solution File, Format Version 12.00
# Visual Studio Version 16
VisualStudioVersion = 16.0.29613.14
MinimumVisualStudioVersion = 10.0.40219.1
Project("{FAE04EC0-301F-11D3-BF4B-00C04F79EFBC}") = "meteorCRMExport", "meteorCRMExport.csproj", "{F7CA2AC8-D142-4D28-9079-188ACF7F29E6}"
EndProject
Global
	GlobalSection(SolutionConfigurationPlatforms) = preSolution
		Debug|Any CPU = Debug|Any CPU
		Release|Any CPU = Release|Any CPU
	EndGlobalSection
	GlobalSection(ProjectConfigurationPlatforms) = postSolution
		{F7CA2AC8-D142-4D28-9079-188ACF7F29E6}.Debug|Any CPU.ActiveCfg = Debug|Any CPU
		{F7CA2AC8-D142-4D28-9079-188ACF7F29E6}.Debug|Any CPU.Build.0 = Debug|Any CPU
		{F7CA2AC8-D142-4D28-9079-188ACF7F29E6}.Release|Any CPU.ActiveCfg = Release|Any CPU
		{F7CA2AC8-D142-4D28-9079-188ACF7F29E6}.Release|Any CPU.Build.0 = Release|Any CPU
	EndGlobalSection
	GlobalSection(SolutionProperties) = preSolution
		HideSolutionNode = FALSE
	EndGlobalSection
	GlobalSection(ExtensibilityGlobals) = postSolution
		SolutionGuid = {5C7D5601-E978-41F7-8222-70AE2A8D127D}
	EndGlobalSection
EndGlobal
